{
  "version": 4,
  "terraform_version": "0.13.5",
  "serial": 7,
  "lineage": "4a283582-b2cf-2734-bbea-d7bc950cae4e",
  "outputs": {},
  "resources": [
    {
      "mode": "data",
      "type": "google_iam_policy",
      "name": "noauth",
      "provider": "provider[\"registry.terraform.io/hashicorp/google\"]",
      "instances": [
        {
          "schema_version": 0,
          "attributes": {
            "audit_config": null,
            "binding": [
              {
                "condition": [],
                "members": [
                  "allUsers"
                ],
                "role": "roles/run.invoker"
              }
            ],
            "id": "3450855414",
            "policy_data": "{\"bindings\":[{\"members\":[\"allUsers\"],\"role\":\"roles/run.invoker\"}]}"
          }
        }
      ]
    },
    {
      "mode": "managed",
      "type": "google_cloud_run_service",
      "name": "default",
      "provider": "provider[\"registry.terraform.io/hashicorp/google\"]",
      "instances": [
        {
          "schema_version": 1,
          "attributes": {
            "autogenerate_revision_name": false,
            "id": "locations/us-central1/namespaces/pgr301-exam-295320/services/pgr-service",
            "location": "us-central1",
            "metadata": [
              {
                "annotations": {
                  "serving.knative.dev/creator": "travis@pgr301-exam-295320.iam.gserviceaccount.com",
                  "serving.knative.dev/lastModifier": "travis@pgr301-exam-295320.iam.gserviceaccount.com"
                },
                "generation": 1,
                "labels": {
                  "cloud.googleapis.com/location": "us-central1"
                },
                "namespace": "pgr301-exam-295320",
                "resource_version": "AAW0JufXYZE",
                "self_link": "/apis/serving.knative.dev/v1/namespaces/662162250883/services/pgr-service",
                "uid": "650c4876-f632-4406-ac99-ec53dd0dc12b"
              }
            ],
            "name": "pgr-service",
            "project": "pgr301-exam-295320",
            "status": [
              {
                "conditions": [
                  {
                    "message": "",
                    "reason": "",
                    "status": "True",
                    "type": "Ready"
                  },
                  {
                    "message": "",
                    "reason": "",
                    "status": "True",
                    "type": "ConfigurationsReady"
                  },
                  {
                    "message": "",
                    "reason": "",
                    "status": "True",
                    "type": "RoutesReady"
                  }
                ],
                "latest_created_revision_name": "pgr-service-cf9tz",
                "latest_ready_revision_name": "pgr-service-cf9tz",
                "observed_generation": 1,
                "url": "https://pgr-service-ahhgjgbroa-uc.a.run.app"
              }
            ],
            "template": [
              {
                "metadata": [
                  {
                    "annotations": {
                      "autoscaling.knative.dev/maxScale": "1000"
                    },
                    "generation": 0,
                    "labels": {},
                    "name": "",
                    "namespace": "",
                    "resource_version": "",
                    "self_link": "",
                    "uid": ""
                  }
                ],
                "spec": [
                  {
                    "container_concurrency": 80,
                    "containers": [
                      {
                        "args": [],
                        "command": [],
                        "env": [
                          {
                            "name": "LOGZ_TOKEN",
                            "value": "QPIAWotXfGmmenwONemSpAmPqJhBnCzC"
                          },
                          {
                            "name": "DB_USERNAME",
                            "value": "admin"
                          },
                          {
                            "name": "DB_PASSWORD",
                            "value": "admin"
                          }
                        ],
                        "env_from": [],
                        "image": "gcr.io/pgr301-exam-295320/app@sha256:3e4f8484e1817f87b23a70b5217f28dbd5ba349b5d0bc3d5e0215c31c6c01aca",
                        "ports": [
                          {
                            "container_port": 8080,
                            "name": "",
                            "protocol": ""
                          }
                        ],
                        "resources": [
                          {
                            "limits": {
                              "cpu": "1000m",
                              "memory": "256Mi"
                            },
                            "requests": {}
                          }
                        ],
                        "working_dir": ""
                      }
                    ],
                    "service_account_name": "",
                    "serving_state": "",
                    "timeout_seconds": 300
                  }
                ]
              }
            ],
            "timeouts": null,
            "traffic": [
              {
                "latest_revision": true,
                "percent": 100,
                "revision_name": ""
              }
            ]
          },
          "private": "eyJlMmJmYjczMC1lY2FhLTExZTYtOGY4OC0zNDM2M2JjN2M0YzAiOnsiY3JlYXRlIjozNjAwMDAwMDAwMDAsImRlbGV0ZSI6MjQwMDAwMDAwMDAwLCJ1cGRhdGUiOjkwMDAwMDAwMDAwMH0sInNjaGVtYV92ZXJzaW9uIjoiMSJ9"
        }
      ]
    },
    {
      "mode": "managed",
      "type": "google_cloud_run_service_iam_policy",
      "name": "noauth",
      "provider": "provider[\"registry.terraform.io/hashicorp/google\"]",
      "instances": [
        {
          "schema_version": 0,
          "attributes": {
            "etag": "BwW0JwIFQwY=",
            "id": "v1/projects/pgr301-exam-295320/locations/us-central1/services/pgr-service",
            "location": "us-central1",
            "policy_data": "{\"bindings\":[{\"members\":[\"allUsers\"],\"role\":\"roles/run.invoker\"}]}",
            "project": "pgr301-exam-295320",
            "service": "v1/projects/pgr301-exam-295320/locations/us-central1/services/pgr-service"
          },
          "private": "bnVsbA==",
          "dependencies": [
            "data.google_iam_policy.noauth",
            "google_cloud_run_service.default"
          ]
        }
      ]
    },
    {
      "mode": "managed",
      "type": "statuscake_test",
      "name": "googlecloudruntest",
      "provider": "provider[\"registry.terraform.io/terraform-providers/statuscake\"]",
      "instances": [
        {
          "schema_version": 0,
          "attributes": {
            "basic_pass": null,
            "basic_user": null,
            "branding": null,
            "check_rate": 300,
            "confirmations": 0,
            "contact_group": [
              "Default"
            ],
            "contact_id": null,
            "custom_header": "",
            "do_not_find": false,
            "enable_ssl_alert": false,
            "final_endpoint": "",
            "find_string": "",
            "follow_redirect": false,
            "id": "5741755",
            "logo_image": "",
            "node_locations": null,
            "paused": false,
            "ping_url": null,
            "port": 0,
            "post_raw": "",
            "public": null,
            "real_browser": null,
            "status": "Up",
            "status_codes": "",
            "test_id": "5741755",
            "test_tags": null,
            "test_type": "HTTP",
            "timeout": 40,
            "trigger_rate": 5,
            "uptime": 0,
            "use_jar": 0,
            "user_agent": null,
            "virus": null,
            "website_host": null,
            "website_name": "Exam is online",
            "website_url": "https://pgr-service-ahhgjgbroa-uc.a.run.app"
          },
          "private": "bnVsbA==",
          "dependencies": [
            "google_cloud_run_service.default"
          ]
        }
      ]
    }
  ]
}
